
Microsoft Visual Studio Solution File, Format Version 12.00
# Visual Studio Version 16
VisualStudioVersion = 16.0.29230.47
MinimumVisualStudioVersion = 10.0.40219.1
Project("{FAE04EC0-301F-11D3-BF4B-00C04F79EFBC}") = "NameParser", "NameParser\NameParser.csproj", "{C6CD4C5C-8679-4E1F-9B39-CCE02804CD50}"
EndProject
Project("{FAE04EC0-301F-11D3-BF4B-00C04F79EFBC}") = "NameParser.Tests", "NameParser.Tests\NameParser.Tests.csproj", "{5CA21D6E-95F7-41E6-A2FA-EABD03F9918B}"
EndProject
Global
	GlobalSection(SolutionConfigurationPlatforms) = preSolution
		Debug|Any CPU = Debug|Any CPU
		Release|Any CPU = Release|Any CPU
	EndGlobalSection
	GlobalSection(ProjectConfigurationPlatforms) = postSolution
		{C6CD4C5C-8679-4E1F-9B39-CCE02804CD50}.Debug|Any CPU.ActiveCfg = Debug|Any CPU
		{C6CD4C5C-8679-4E1F-9B39-CCE02804CD50}.Debug|Any CPU.Build.0 = Debug|Any CPU
		{C6CD4C5C-8679-4E1F-9B39-CCE02804CD50}.Release|Any CPU.ActiveCfg = Release|Any CPU
		{C6CD4C5C-8679-4E1F-9B39-CCE02804CD50}.Release|Any CPU.Build.0 = Release|Any CPU
		{5CA21D6E-95F7-41E6-A2FA-EABD03F9918B}.Debug|Any CPU.ActiveCfg = Debug|Any CPU
		{5CA21D6E-95F7-41E6-A2FA-EABD03F9918B}.Debug|Any CPU.Build.0 = Debug|Any CPU
		{5CA21D6E-95F7-41E6-A2FA-EABD03F9918B}.Release|Any CPU.ActiveCfg = Release|Any CPU
		{5CA21D6E-95F7-41E6-A2FA-EABD03F9918B}.Release|Any CPU.Build.0 = Release|Any CPU
	EndGlobalSection
	GlobalSection(SolutionProperties) = preSolution
		HideSolutionNode = FALSE
	EndGlobalSection
	GlobalSection(ExtensibilityGlobals) = postSolution
		SolutionGuid = {4DC4A80E-23FF-4ED7-8EEC-163C09B232C3}
	EndGlobalSection
EndGlobal
